{
  "version": 4,
  "terraform_version": "1.6.5",
  "serial": 19,
  "lineage": "56eda1ed-066f-9b27-9af7-4d44c21dcf80",
  "outputs": {
    "vm_public_ip": {
      "value": "azurerm_public_ip.WorkPublicIp.id",
      "type": "string"
    }
  },
  "resources": [
    {
      "module": "module.nsg",
      "mode": "managed",
      "type": "azurerm_network_security_group",
      "name": "nsg",
      "provider": "provider[\"registry.terraform.io/hashicorp/azurerm\"]",
      "instances": [
        {
          "schema_version": 0,
          "attributes": {
            "id": "/subscriptions/664b6097-19f2-42a3-be95-a4a6b4069f6b/resourceGroups/sa1_test_eic_TejalDave/providers/Microsoft.Network/networkSecurityGroups/nsg",
            "location": "southeastasia",
            "name": "nsg",
            "resource_group_name": "sa1_test_eic_TejalDave",
            "security_rule": [
              {
                "access": "Allow",
                "description": "",
                "destination_address_prefix": "*",
                "destination_address_prefixes": [],
                "destination_application_security_group_ids": [],
                "destination_port_range": "3389",
                "destination_port_ranges": [],
                "direction": "Inbound",
                "name": "RDP",
                "priority": 1000,
                "protocol": "*",
                "source_address_prefix": "*",
                "source_address_prefixes": [],
                "source_application_security_group_ids": [],
                "source_port_range": "*",
                "source_port_ranges": []
              },
              {
                "access": "Allow",
                "description": "",
                "destination_address_prefix": "*",
                "destination_address_prefixes": [],
                "destination_application_security_group_ids": [],
                "destination_port_range": "80",
                "destination_port_ranges": [],
                "direction": "Inbound",
                "name": "Allow_web",
                "priority": 1001,
                "protocol": "Tcp",
                "source_address_prefix": "*",
                "source_address_prefixes": [],
                "source_application_security_group_ids": [],
                "source_port_range": "*",
                "source_port_ranges": []
              }
            ],
            "tags": {},
            "timeouts": null
          },
          "sensitive_attributes": [],
          "private": "eyJlMmJmYjczMC1lY2FhLTExZTYtOGY4OC0zNDM2M2JjN2M0YzAiOnsiY3JlYXRlIjoxODAwMDAwMDAwMDAwLCJkZWxldGUiOjE4MDAwMDAwMDAwMDAsInJlYWQiOjMwMDAwMDAwMDAwMCwidXBkYXRlIjoxODAwMDAwMDAwMDAwfX0="
        }
      ]
    },
    {
      "module": "module.vm",
      "mode": "managed",
      "type": "azurerm_network_interface",
      "name": "myAZ-NIC",
      "provider": "provider[\"registry.terraform.io/hashicorp/azurerm\"]",
      "instances": [
        {
          "schema_version": 0,
          "attributes": {
            "applied_dns_servers": [],
            "dns_servers": [],
            "enable_accelerated_networking": false,
            "enable_ip_forwarding": false,
            "id": "/subscriptions/664b6097-19f2-42a3-be95-a4a6b4069f6b/resourceGroups/sa1_test_eic_TejalDave/providers/Microsoft.Network/networkInterfaces/myAZ-NIC",
            "internal_dns_name_label": "",
            "internal_domain_name_suffix": "jpmaodulyhkutjhm0hghyxswrf.ix.internal.cloudapp.net",
            "ip_configuration": [
              {
                "gateway_load_balancer_frontend_ip_configuration_id": "",
                "name": "myAZ-NIC_config",
                "primary": true,
                "private_ip_address": "10.0.0.4",
                "private_ip_address_allocation": "Dynamic",
                "private_ip_address_version": "IPv4",
                "public_ip_address_id": "/subscriptions/664b6097-19f2-42a3-be95-a4a6b4069f6b/resourceGroups/sa1_test_eic_TejalDave/providers/Microsoft.Network/publicIPAddresses/WorkPublicIp",
                "subnet_id": "/subscriptions/664b6097-19f2-42a3-be95-a4a6b4069f6b/resourceGroups/sa1_test_eic_TejalDave/providers/Microsoft.Network/virtualNetworks/windows_virtual_network/subnets/Einfo-subnet"
              }
            ],
            "location": "southeastasia",
            "mac_address": "",
            "name": "myAZ-NIC",
            "private_ip_address": "10.0.0.4",
            "private_ip_addresses": [
              "10.0.0.4"
            ],
            "resource_group_name": "sa1_test_eic_TejalDave",
            "tags": {},
            "timeouts": null,
            "virtual_machine_id": ""
          },
          "sensitive_attributes": [],
          "private": "eyJlMmJmYjczMC1lY2FhLTExZTYtOGY4OC0zNDM2M2JjN2M0YzAiOnsiY3JlYXRlIjoxODAwMDAwMDAwMDAwLCJkZWxldGUiOjE4MDAwMDAwMDAwMDAsInJlYWQiOjMwMDAwMDAwMDAwMCwidXBkYXRlIjoxODAwMDAwMDAwMDAwfX0=",
          "dependencies": [
            "module.vm.azurerm_public_ip.WorkPublicIp",
            "module.vnet.azurerm_subnet.Einfo-subnet",
            "module.vnet.azurerm_virtual_network.windows_virtual_network"
          ]
        }
      ]
    },
    {
      "module": "module.vm",
      "mode": "managed",
      "type": "azurerm_network_interface_security_group_association",
      "name": "nsg_assoc",
      "provider": "provider[\"registry.terraform.io/hashicorp/azurerm\"]",
      "instances": [
        {
          "schema_version": 0,
          "attributes": {
            "id": "/subscriptions/664b6097-19f2-42a3-be95-a4a6b4069f6b/resourceGroups/sa1_test_eic_TejalDave/providers/Microsoft.Network/networkInterfaces/myAZ-NIC|/subscriptions/664b6097-19f2-42a3-be95-a4a6b4069f6b/resourceGroups/sa1_test_eic_TejalDave/providers/Microsoft.Network/networkSecurityGroups/nsg",
            "network_interface_id": "/subscriptions/664b6097-19f2-42a3-be95-a4a6b4069f6b/resourceGroups/sa1_test_eic_TejalDave/providers/Microsoft.Network/networkInterfaces/myAZ-NIC",
            "network_security_group_id": "/subscriptions/664b6097-19f2-42a3-be95-a4a6b4069f6b/resourceGroups/sa1_test_eic_TejalDave/providers/Microsoft.Network/networkSecurityGroups/nsg",
            "timeouts": null
          },
          "sensitive_attributes": [],
          "private": "eyJlMmJmYjczMC1lY2FhLTExZTYtOGY4OC0zNDM2M2JjN2M0YzAiOnsiY3JlYXRlIjoxODAwMDAwMDAwMDAwLCJkZWxldGUiOjE4MDAwMDAwMDAwMDAsInJlYWQiOjMwMDAwMDAwMDAwMCwidXBkYXRlIjoxODAwMDAwMDAwMDAwfX0=",
          "dependencies": [
            "module.nsg.azurerm_network_security_group.nsg",
            "module.vm.azurerm_network_interface.myAZ-NIC",
            "module.vm.azurerm_public_ip.WorkPublicIp",
            "module.vnet.azurerm_subnet.Einfo-subnet",
            "module.vnet.azurerm_virtual_network.windows_virtual_network"
          ]
        }
      ]
    },
    {
      "module": "module.vm",
      "mode": "managed",
      "type": "azurerm_public_ip",
      "name": "WorkPublicIp",
      "provider": "provider[\"registry.terraform.io/hashicorp/azurerm\"]",
      "instances": [
        {
          "schema_version": 0,
          "attributes": {
            "allocation_method": "Dynamic",
            "availability_zone": "No-Zone",
            "domain_name_label": null,
            "fqdn": null,
            "id": "/subscriptions/664b6097-19f2-42a3-be95-a4a6b4069f6b/resourceGroups/sa1_test_eic_TejalDave/providers/Microsoft.Network/publicIPAddresses/WorkPublicIp",
            "idle_timeout_in_minutes": 4,
            "ip_address": "",
            "ip_tags": {},
            "ip_version": "IPv4",
            "location": "southeastasia",
            "name": "WorkPublicIp",
            "public_ip_prefix_id": null,
            "resource_group_name": "sa1_test_eic_TejalDave",
            "reverse_fqdn": null,
            "sku": "Basic",
            "sku_tier": "Regional",
            "tags": {},
            "timeouts": null,
            "zones": []
          },
          "sensitive_attributes": [],
          "private": "eyJlMmJmYjczMC1lY2FhLTExZTYtOGY4OC0zNDM2M2JjN2M0YzAiOnsiY3JlYXRlIjoxODAwMDAwMDAwMDAwLCJkZWxldGUiOjE4MDAwMDAwMDAwMDAsInJlYWQiOjMwMDAwMDAwMDAwMCwidXBkYXRlIjoxODAwMDAwMDAwMDAwfX0="
        }
      ]
    },
    {
      "module": "module.vnet",
      "mode": "managed",
      "type": "azurerm_subnet",
      "name": "Einfo-subnet",
      "provider": "provider[\"registry.terraform.io/hashicorp/azurerm\"]",
      "instances": [
        {
          "schema_version": 0,
          "attributes": {
            "address_prefix": "10.0.0.0/24",
            "address_prefixes": [
              "10.0.0.0/24"
            ],
            "delegation": [],
            "enforce_private_link_endpoint_network_policies": false,
            "enforce_private_link_service_network_policies": false,
            "id": "/subscriptions/664b6097-19f2-42a3-be95-a4a6b4069f6b/resourceGroups/sa1_test_eic_TejalDave/providers/Microsoft.Network/virtualNetworks/windows_virtual_network/subnets/Einfo-subnet",
            "name": "Einfo-subnet",
            "resource_group_name": "sa1_test_eic_TejalDave",
            "service_endpoint_policy_ids": [],
            "service_endpoints": [],
            "timeouts": null,
            "virtual_network_name": "windows_virtual_network"
          },
          "sensitive_attributes": [],
          "private": "eyJlMmJmYjczMC1lY2FhLTExZTYtOGY4OC0zNDM2M2JjN2M0YzAiOnsiY3JlYXRlIjoxODAwMDAwMDAwMDAwLCJkZWxldGUiOjE4MDAwMDAwMDAwMDAsInJlYWQiOjMwMDAwMDAwMDAwMCwidXBkYXRlIjoxODAwMDAwMDAwMDAwfX0=",
          "dependencies": [
            "module.vnet.azurerm_virtual_network.windows_virtual_network"
          ]
        }
      ]
    },
    {
      "module": "module.vnet",
      "mode": "managed",
      "type": "azurerm_virtual_network",
      "name": "windows_virtual_network",
      "provider": "provider[\"registry.terraform.io/hashicorp/azurerm\"]",
      "instances": [
        {
          "schema_version": 0,
          "attributes": {
            "address_space": [
              "10.0.0.0/16"
            ],
            "bgp_community": "",
            "ddos_protection_plan": [],
            "dns_servers": [],
            "flow_timeout_in_minutes": 0,
            "guid": "0e07d84b-c18b-49d5-a4ec-d1cc7c5e568d",
            "id": "/subscriptions/664b6097-19f2-42a3-be95-a4a6b4069f6b/resourceGroups/sa1_test_eic_TejalDave/providers/Microsoft.Network/virtualNetworks/windows_virtual_network",
            "location": "southeastasia",
            "name": "windows_virtual_network",
            "resource_group_name": "sa1_test_eic_TejalDave",
            "subnet": [
              {
                "address_prefix": "10.0.0.0/24",
                "id": "/subscriptions/664b6097-19f2-42a3-be95-a4a6b4069f6b/resourceGroups/sa1_test_eic_TejalDave/providers/Microsoft.Network/virtualNetworks/windows_virtual_network/subnets/Einfo-subnet",
                "name": "Einfo-subnet",
                "security_group": ""
              }
            ],
            "tags": {},
            "timeouts": null,
            "vm_protection_enabled": false
          },
          "sensitive_attributes": [],
          "private": "eyJlMmJmYjczMC1lY2FhLTExZTYtOGY4OC0zNDM2M2JjN2M0YzAiOnsiY3JlYXRlIjoxODAwMDAwMDAwMDAwLCJkZWxldGUiOjE4MDAwMDAwMDAwMDAsInJlYWQiOjMwMDAwMDAwMDAwMCwidXBkYXRlIjoxODAwMDAwMDAwMDAwfX0="
        }
      ]
    }
  ],
  "check_results": null
}
